
Microsoft Visual Studio Solution File, Format Version 12.00
Project("{F2A71F9B-5D33-465A-A702-920D77279786}") = "Freql.Core", "Freql.Core\Freql.Core.fsproj", "{7E4A4573-3901-44C7-A613-070555259A54}"
EndProject
Project("{F2A71F9B-5D33-465A-A702-920D77279786}") = "Freql.Sqlite", "Freql.Sqlite\Freql.Sqlite.fsproj", "{AF75313B-364A-4506-BDDB-9084252F5A86}"
EndProject
Project("{F2A71F9B-5D33-465A-A702-920D77279786}") = "Freql.MySql", "Freql.MySql\Freql.MySql.fsproj", "{25178466-6FEF-4070-9A8E-3CF67F26E641}"
EndProject
Project("{F2A71F9B-5D33-465A-A702-920D77279786}") = "Freql.TestConsole", "Freql.TestConsole\Freql.TestConsole.fsproj", "{C8B09C05-080B-41B7-AA18-0F7533945DDF}"
EndProject
Project("{F2A71F9B-5D33-465A-A702-920D77279786}") = "Freql.SqlServer", "Freql.SqlServer\Freql.SqlServer.fsproj", "{5E96BBA3-E7D3-4EDD-95BB-0E2ED93C2A23}"
EndProject
Project("{F2A71F9B-5D33-465A-A702-920D77279786}") = "Freql.Tools", "Freql.Tools\Freql.Tools.fsproj", "{D0276213-F6F3-417B-9766-DD9655A6CD1B}"
EndProject
Project("{F2A71F9B-5D33-465A-A702-920D77279786}") = "Freql.Sqlite.Tools", "Freql.Sqlite.Tools\Freql.Sqlite.Tools.fsproj", "{07DA2697-D042-4F58-A6DA-7D043B07510F}"
EndProject
Project("{F2A71F9B-5D33-465A-A702-920D77279786}") = "Freql.MySql.Tools", "Freql.MySql.Tools\Freql.MySql.Tools.fsproj", "{DA49070A-AAE0-4D43-8D37-926C2028B121}"
EndProject
Project("{F2A71F9B-5D33-465A-A702-920D77279786}") = "Freql.App", "Freql.App\Freql.App.fsproj", "{6BC27C0C-16A5-49B8-ACE7-F5C37C05B9E5}"
EndProject
Project("{2150E333-8FDC-42A3-9474-1A3956D46DE8}") = "_documentation", "_documentation", "{0A5CEB28-EC06-4F23-9588-73C9212642CF}"
	ProjectSection(SolutionItems) = preProject
		README.md = README.md
		LICENSE = LICENSE
		fxd.json = fxd.json
	EndProjectSection
EndProject
Project("{F2A71F9B-5D33-465A-A702-920D77279786}") = "Freql.Csv", "Freql.Csv\Freql.Csv.fsproj", "{CECDC3C5-8DDC-485B-8DA8-C83F509A4273}"
EndProject
Project("{F2A71F9B-5D33-465A-A702-920D77279786}") = "Freql.PostgreSQL", "Freql.PostgreSQL\Freql.PostgreSQL.fsproj", "{C3AC38F6-CA27-45C9-A893-252731453077}"
EndProject
Project("{F2A71F9B-5D33-465A-A702-920D77279786}") = "Freql.PostgreSQL.Tools", "Freql.PostgreSQL.Tools\Freql.PostgreSQL.Tools.fsproj", "{CF8CC006-23CC-4402-A529-54EA7AE922CA}"
EndProject
Project("{F2A71F9B-5D33-465A-A702-920D77279786}") = "Freql.Dsl", "Freql.Dsl\Freql.Dsl.fsproj", "{7F9AD7D8-B52C-4C68-9C9D-E24AF9F90E3B}"
EndProject
Project("{F2A71F9B-5D33-465A-A702-920D77279786}") = "Freql.Xlsx", "Freql.Xlsx\Freql.Xlsx.fsproj", "{A3A40CB0-7584-4A3E-AD26-50840A4AEDBF}"
EndProject
Project("{F2A71F9B-5D33-465A-A702-920D77279786}") = "Freql.Xlsx.Tests", "Freql.Xlsx.Tests\Freql.Xlsx.Tests.fsproj", "{9C99F601-910D-47FC-BE48-418A3E7AF50F}"
EndProject
Project("{2150E333-8FDC-42A3-9474-1A3956D46DE8}") = "MySql", "MySql", "{F2B451BC-4F8B-47FC-AF0D-8DDA3DB59BEF}"
EndProject
Project("{2150E333-8FDC-42A3-9474-1A3956D46DE8}") = "Csv", "Csv", "{7BDCD585-F6A9-462E-BB89-E703415C1340}"
EndProject
Project("{2150E333-8FDC-42A3-9474-1A3956D46DE8}") = "Xlsx", "Xlsx", "{58742B79-A272-4AC7-8298-1862C54CE173}"
EndProject
Project("{2150E333-8FDC-42A3-9474-1A3956D46DE8}") = "SqlServer", "SqlServer", "{8C5C5696-D55A-4CFA-97BB-A16C5328B8AB}"
EndProject
Project("{2150E333-8FDC-42A3-9474-1A3956D46DE8}") = "PostgresSQL", "PostgresSQL", "{503D7C97-A8F9-4EFD-806A-12BAB7CE97D4}"
EndProject
Project("{2150E333-8FDC-42A3-9474-1A3956D46DE8}") = "Sqlite", "Sqlite", "{D579E9D8-1A73-4FFD-9C51-E0431E3E5F8D}"
EndProject
Project("{F2A71F9B-5D33-465A-A702-920D77279786}") = "Freql.Sqlite.TestSandbox", "Freql.Sqlite.TestSandbox\Freql.Sqlite.TestSandbox.fsproj", "{A329ECF4-1875-419D-B867-6CBD10ECD12F}"
EndProject
Project("{F2A71F9B-5D33-465A-A702-920D77279786}") = "Freql.Sqlite.Benchmarks", "Freql.Sqlite.Benchmarks\Freql.Sqlite.Benchmarks.fsproj", "{582CBFDE-95AF-4C6D-9D4E-982D120F3B67}"
EndProject
Project("{F2A71F9B-5D33-465A-A702-920D77279786}") = "Freql.Sqlite.UnitTests", "Freql.Sqlite.UnitTests\Freql.Sqlite.UnitTests.fsproj", "{84929413-B82F-4A39-8CB3-94916616F2B4}"
EndProject
Project("{F2A71F9B-5D33-465A-A702-920D77279786}") = "Freql.CodeFirstSandbox", "Freql.CodeFirstSandbox\Freql.CodeFirstSandbox.fsproj", "{C1F9CF12-E4CF-47E7-B449-B576CCDC1781}"
EndProject
Global
	GlobalSection(SolutionConfigurationPlatforms) = preSolution
		Debug|Any CPU = Debug|Any CPU
		Release|Any CPU = Release|Any CPU
	EndGlobalSection
	GlobalSection(ProjectConfigurationPlatforms) = postSolution
		{7E4A4573-3901-44C7-A613-070555259A54}.Debug|Any CPU.ActiveCfg = Debug|Any CPU
		{7E4A4573-3901-44C7-A613-070555259A54}.Debug|Any CPU.Build.0 = Debug|Any CPU
		{7E4A4573-3901-44C7-A613-070555259A54}.Release|Any CPU.ActiveCfg = Release|Any CPU
		{7E4A4573-3901-44C7-A613-070555259A54}.Release|Any CPU.Build.0 = Release|Any CPU
		{AF75313B-364A-4506-BDDB-9084252F5A86}.Debug|Any CPU.ActiveCfg = Debug|Any CPU
		{AF75313B-364A-4506-BDDB-9084252F5A86}.Debug|Any CPU.Build.0 = Debug|Any CPU
		{AF75313B-364A-4506-BDDB-9084252F5A86}.Release|Any CPU.ActiveCfg = Release|Any CPU
		{AF75313B-364A-4506-BDDB-9084252F5A86}.Release|Any CPU.Build.0 = Release|Any CPU
		{25178466-6FEF-4070-9A8E-3CF67F26E641}.Debug|Any CPU.ActiveCfg = Debug|Any CPU
		{25178466-6FEF-4070-9A8E-3CF67F26E641}.Debug|Any CPU.Build.0 = Debug|Any CPU
		{25178466-6FEF-4070-9A8E-3CF67F26E641}.Release|Any CPU.ActiveCfg = Release|Any CPU
		{25178466-6FEF-4070-9A8E-3CF67F26E641}.Release|Any CPU.Build.0 = Release|Any CPU
		{C8B09C05-080B-41B7-AA18-0F7533945DDF}.Debug|Any CPU.ActiveCfg = Debug|Any CPU
		{C8B09C05-080B-41B7-AA18-0F7533945DDF}.Debug|Any CPU.Build.0 = Debug|Any CPU
		{C8B09C05-080B-41B7-AA18-0F7533945DDF}.Release|Any CPU.ActiveCfg = Release|Any CPU
		{C8B09C05-080B-41B7-AA18-0F7533945DDF}.Release|Any CPU.Build.0 = Release|Any CPU
		{5E96BBA3-E7D3-4EDD-95BB-0E2ED93C2A23}.Debug|Any CPU.ActiveCfg = Debug|Any CPU
		{5E96BBA3-E7D3-4EDD-95BB-0E2ED93C2A23}.Debug|Any CPU.Build.0 = Debug|Any CPU
		{5E96BBA3-E7D3-4EDD-95BB-0E2ED93C2A23}.Release|Any CPU.ActiveCfg = Release|Any CPU
		{5E96BBA3-E7D3-4EDD-95BB-0E2ED93C2A23}.Release|Any CPU.Build.0 = Release|Any CPU
		{D0276213-F6F3-417B-9766-DD9655A6CD1B}.Debug|Any CPU.ActiveCfg = Debug|Any CPU
		{D0276213-F6F3-417B-9766-DD9655A6CD1B}.Debug|Any CPU.Build.0 = Debug|Any CPU
		{D0276213-F6F3-417B-9766-DD9655A6CD1B}.Release|Any CPU.ActiveCfg = Release|Any CPU
		{D0276213-F6F3-417B-9766-DD9655A6CD1B}.Release|Any CPU.Build.0 = Release|Any CPU
		{07DA2697-D042-4F58-A6DA-7D043B07510F}.Debug|Any CPU.ActiveCfg = Debug|Any CPU
		{07DA2697-D042-4F58-A6DA-7D043B07510F}.Debug|Any CPU.Build.0 = Debug|Any CPU
		{07DA2697-D042-4F58-A6DA-7D043B07510F}.Release|Any CPU.ActiveCfg = Release|Any CPU
		{07DA2697-D042-4F58-A6DA-7D043B07510F}.Release|Any CPU.Build.0 = Release|Any CPU
		{DA49070A-AAE0-4D43-8D37-926C2028B121}.Debug|Any CPU.ActiveCfg = Debug|Any CPU
		{DA49070A-AAE0-4D43-8D37-926C2028B121}.Debug|Any CPU.Build.0 = Debug|Any CPU
		{DA49070A-AAE0-4D43-8D37-926C2028B121}.Release|Any CPU.ActiveCfg = Release|Any CPU
		{DA49070A-AAE0-4D43-8D37-926C2028B121}.Release|Any CPU.Build.0 = Release|Any CPU
		{6BC27C0C-16A5-49B8-ACE7-F5C37C05B9E5}.Debug|Any CPU.ActiveCfg = Debug|Any CPU
		{6BC27C0C-16A5-49B8-ACE7-F5C37C05B9E5}.Debug|Any CPU.Build.0 = Debug|Any CPU
		{6BC27C0C-16A5-49B8-ACE7-F5C37C05B9E5}.Release|Any CPU.ActiveCfg = Release|Any CPU
		{6BC27C0C-16A5-49B8-ACE7-F5C37C05B9E5}.Release|Any CPU.Build.0 = Release|Any CPU
		{CECDC3C5-8DDC-485B-8DA8-C83F509A4273}.Debug|Any CPU.ActiveCfg = Debug|Any CPU
		{CECDC3C5-8DDC-485B-8DA8-C83F509A4273}.Debug|Any CPU.Build.0 = Debug|Any CPU
		{CECDC3C5-8DDC-485B-8DA8-C83F509A4273}.Release|Any CPU.ActiveCfg = Release|Any CPU
		{CECDC3C5-8DDC-485B-8DA8-C83F509A4273}.Release|Any CPU.Build.0 = Release|Any CPU
		{C3AC38F6-CA27-45C9-A893-252731453077}.Debug|Any CPU.ActiveCfg = Debug|Any CPU
		{C3AC38F6-CA27-45C9-A893-252731453077}.Debug|Any CPU.Build.0 = Debug|Any CPU
		{C3AC38F6-CA27-45C9-A893-252731453077}.Release|Any CPU.ActiveCfg = Release|Any CPU
		{C3AC38F6-CA27-45C9-A893-252731453077}.Release|Any CPU.Build.0 = Release|Any CPU
		{CF8CC006-23CC-4402-A529-54EA7AE922CA}.Debug|Any CPU.ActiveCfg = Debug|Any CPU
		{CF8CC006-23CC-4402-A529-54EA7AE922CA}.Debug|Any CPU.Build.0 = Debug|Any CPU
		{CF8CC006-23CC-4402-A529-54EA7AE922CA}.Release|Any CPU.ActiveCfg = Release|Any CPU
		{CF8CC006-23CC-4402-A529-54EA7AE922CA}.Release|Any CPU.Build.0 = Release|Any CPU
		{7F9AD7D8-B52C-4C68-9C9D-E24AF9F90E3B}.Debug|Any CPU.ActiveCfg = Debug|Any CPU
		{7F9AD7D8-B52C-4C68-9C9D-E24AF9F90E3B}.Debug|Any CPU.Build.0 = Debug|Any CPU
		{7F9AD7D8-B52C-4C68-9C9D-E24AF9F90E3B}.Release|Any CPU.ActiveCfg = Release|Any CPU
		{7F9AD7D8-B52C-4C68-9C9D-E24AF9F90E3B}.Release|Any CPU.Build.0 = Release|Any CPU
		{A3A40CB0-7584-4A3E-AD26-50840A4AEDBF}.Debug|Any CPU.ActiveCfg = Debug|Any CPU
		{A3A40CB0-7584-4A3E-AD26-50840A4AEDBF}.Debug|Any CPU.Build.0 = Debug|Any CPU
		{A3A40CB0-7584-4A3E-AD26-50840A4AEDBF}.Release|Any CPU.ActiveCfg = Release|Any CPU
		{A3A40CB0-7584-4A3E-AD26-50840A4AEDBF}.Release|Any CPU.Build.0 = Release|Any CPU
		{9C99F601-910D-47FC-BE48-418A3E7AF50F}.Debug|Any CPU.ActiveCfg = Debug|Any CPU
		{9C99F601-910D-47FC-BE48-418A3E7AF50F}.Debug|Any CPU.Build.0 = Debug|Any CPU
		{9C99F601-910D-47FC-BE48-418A3E7AF50F}.Release|Any CPU.ActiveCfg = Release|Any CPU
		{9C99F601-910D-47FC-BE48-418A3E7AF50F}.Release|Any CPU.Build.0 = Release|Any CPU
		{A329ECF4-1875-419D-B867-6CBD10ECD12F}.Debug|Any CPU.ActiveCfg = Debug|Any CPU
		{A329ECF4-1875-419D-B867-6CBD10ECD12F}.Debug|Any CPU.Build.0 = Debug|Any CPU
		{A329ECF4-1875-419D-B867-6CBD10ECD12F}.Release|Any CPU.ActiveCfg = Release|Any CPU
		{A329ECF4-1875-419D-B867-6CBD10ECD12F}.Release|Any CPU.Build.0 = Release|Any CPU
		{582CBFDE-95AF-4C6D-9D4E-982D120F3B67}.Debug|Any CPU.ActiveCfg = Debug|Any CPU
		{582CBFDE-95AF-4C6D-9D4E-982D120F3B67}.Debug|Any CPU.Build.0 = Debug|Any CPU
		{582CBFDE-95AF-4C6D-9D4E-982D120F3B67}.Release|Any CPU.ActiveCfg = Release|Any CPU
		{582CBFDE-95AF-4C6D-9D4E-982D120F3B67}.Release|Any CPU.Build.0 = Release|Any CPU
		{84929413-B82F-4A39-8CB3-94916616F2B4}.Debug|Any CPU.ActiveCfg = Debug|Any CPU
		{84929413-B82F-4A39-8CB3-94916616F2B4}.Debug|Any CPU.Build.0 = Debug|Any CPU
		{84929413-B82F-4A39-8CB3-94916616F2B4}.Release|Any CPU.ActiveCfg = Release|Any CPU
		{84929413-B82F-4A39-8CB3-94916616F2B4}.Release|Any CPU.Build.0 = Release|Any CPU
		{C1F9CF12-E4CF-47E7-B449-B576CCDC1781}.Debug|Any CPU.ActiveCfg = Debug|Any CPU
		{C1F9CF12-E4CF-47E7-B449-B576CCDC1781}.Debug|Any CPU.Build.0 = Debug|Any CPU
		{C1F9CF12-E4CF-47E7-B449-B576CCDC1781}.Release|Any CPU.ActiveCfg = Release|Any CPU
		{C1F9CF12-E4CF-47E7-B449-B576CCDC1781}.Release|Any CPU.Build.0 = Release|Any CPU
	EndGlobalSection
	GlobalSection(NestedProjects) = preSolution
		{CECDC3C5-8DDC-485B-8DA8-C83F509A4273} = {7BDCD585-F6A9-462E-BB89-E703415C1340}
		{25178466-6FEF-4070-9A8E-3CF67F26E641} = {F2B451BC-4F8B-47FC-AF0D-8DDA3DB59BEF}
		{DA49070A-AAE0-4D43-8D37-926C2028B121} = {F2B451BC-4F8B-47FC-AF0D-8DDA3DB59BEF}
		{C3AC38F6-CA27-45C9-A893-252731453077} = {503D7C97-A8F9-4EFD-806A-12BAB7CE97D4}
		{CF8CC006-23CC-4402-A529-54EA7AE922CA} = {503D7C97-A8F9-4EFD-806A-12BAB7CE97D4}
		{5E96BBA3-E7D3-4EDD-95BB-0E2ED93C2A23} = {8C5C5696-D55A-4CFA-97BB-A16C5328B8AB}
		{A3A40CB0-7584-4A3E-AD26-50840A4AEDBF} = {58742B79-A272-4AC7-8298-1862C54CE173}
		{9C99F601-910D-47FC-BE48-418A3E7AF50F} = {58742B79-A272-4AC7-8298-1862C54CE173}
		{AF75313B-364A-4506-BDDB-9084252F5A86} = {D579E9D8-1A73-4FFD-9C51-E0431E3E5F8D}
		{07DA2697-D042-4F58-A6DA-7D043B07510F} = {D579E9D8-1A73-4FFD-9C51-E0431E3E5F8D}
		{A329ECF4-1875-419D-B867-6CBD10ECD12F} = {D579E9D8-1A73-4FFD-9C51-E0431E3E5F8D}
		{582CBFDE-95AF-4C6D-9D4E-982D120F3B67} = {D579E9D8-1A73-4FFD-9C51-E0431E3E5F8D}
		{84929413-B82F-4A39-8CB3-94916616F2B4} = {D579E9D8-1A73-4FFD-9C51-E0431E3E5F8D}
	EndGlobalSection
EndGlobal
